{
  "name": "frusal-example-schema-by-javascript",
  "version": "1.0.0",
  "lockfileVersion": 2,
  "requires": true,
  "packages": {
    "": {
      "version": "1.0.0",
      "devDependencies": {
        "frusal": "x.x.x"
      }
    },
    "node_modules/frusal": {
      "version": "0.0.33",
      "resolved": "https://registry.npmjs.org/frusal/-/frusal-0.0.33.tgz",
      "integrity": "sha512-0+1Y3jRESPJqKWHBfVxAaxJLzGA+VHP3j5tsIYVPUmfT5JOJU+m+74wHeDd4/v9mZXh0sYMmgpmUZVigpZlqvA==",
      "dev": true,
      "bin": {
        "frusal": "index.js"
      }
    }
  },
  "dependencies": {
    "frusal": {
      "version": "0.0.33",
      "resolved": "https://registry.npmjs.org/frusal/-/frusal-0.0.33.tgz",
      "integrity": "sha512-0+1Y3jRESPJqKWHBfVxAaxJLzGA+VHP3j5tsIYVPUmfT5JOJU+m+74wHeDd4/v9mZXh0sYMmgpmUZVigpZlqvA==",
      "dev": true
    }
  }
}
