{
  "name": "frusal-example-schema-by-javascript",
  "version": "1.0.0",
  "lockfileVersion": 1,
  "requires": true,
  "dependencies": {
    "frusal": {
      "version": "0.0.18",
      "resolved": "https://registry.npmjs.org/frusal/-/frusal-0.0.18.tgz",
      "integrity": "sha512-m4jtoUmrnRxws2BUNRuwsiubiokbOdWwiUgWjhEELkpNmi7OGiwTB9szCvBz7icgNn6G8iGVz8ecVKjP2pD2YA==",
      "dev": true
    }
  }
}
