{
  "name": "frusal-example-schema-by-javascript",
  "version": "1.0.0",
  "lockfileVersion": 1,
  "requires": true,
  "dependencies": {
    "frusal": {
      "version": "0.0.34",
      "resolved": "https://registry.npmjs.org/frusal/-/frusal-0.0.34.tgz",
      "integrity": "sha512-WYz0YD6t4wgqto+Ef1+y77BxBYE4xDY5aMc4GA+6YmWZZDVEjNqY3zjNM9WTOJXSwUA5q/DzZXOorW7dKt1fCA==",
      "dev": true
    }
  }
}
